
Microsoft Visual Studio Solution File, Format Version 12.00
# Visual Studio Version 16
VisualStudioVersion = 16.0.29519.87
MinimumVisualStudioVersion = 10.0.40219.1
Project("{8BC9CEB8-8B4A-11D0-8D11-00A0C91BC942}") = "Sha1", "Sha1\Sha1.vcxproj", "{FB475E48-2ED7-4ABA-AA86-7F91B98A4715}"
EndProject
Global
	GlobalSection(SolutionConfigurationPlatforms) = preSolution
		Debug|x64 = Debug|x64
		Release|x64 = Release|x64
	EndGlobalSection
	GlobalSection(ProjectConfigurationPlatforms) = postSolution
		{FB475E48-2ED7-4ABA-AA86-7F91B98A4715}.Debug|x64.ActiveCfg = Debug|x64
		{FB475E48-2ED7-4ABA-AA86-7F91B98A4715}.Debug|x64.Build.0 = Debug|x64
		{FB475E48-2ED7-4ABA-AA86-7F91B98A4715}.Release|x64.ActiveCfg = Release|x64
		{FB475E48-2ED7-4ABA-AA86-7F91B98A4715}.Release|x64.Build.0 = Release|x64
	EndGlobalSection
	GlobalSection(SolutionProperties) = preSolution
		HideSolutionNode = FALSE
	EndGlobalSection
	GlobalSection(ExtensibilityGlobals) = postSolution
		SolutionGuid = {7DB57652-3A49-41B4-AB44-196C9C5FB7EE}
	EndGlobalSection
EndGlobal
